
Microsoft Visual Studio Solution File, Format Version 12.00
# Visual Studio Version 17
VisualStudioVersion = 17.0.31903.59
MinimumVisualStudioVersion = 10.0.40219.1
Project("{2150E333-8FDC-42A3-9474-1A3956D46DE8}") = "src", "src", "{827E0CD3-B72D-47B6-A68D-7590B98EB39B}"
EndProject
Project("{2150E333-8FDC-42A3-9474-1A3956D46DE8}") = "ApiGateway", "ApiGateway", "{FCA01246-F2C6-0AA7-D43F-FD13BE0B9D88}"
EndProject
Project("{FAE04EC0-301F-11D3-BF4B-00C04F79EFBC}") = "Gateway.Api", "src\ApiGateway\Gateway.Api\Gateway.Api.csproj", "{5FDB6B85-B825-40E2-A4A9-8C002BBD3AAF}"
EndProject
Project("{2150E333-8FDC-42A3-9474-1A3956D46DE8}") = "Services", "Services", "{984BB9B3-3FA3-BE33-9484-CAC21695A33C}"
EndProject
Project("{2150E333-8FDC-42A3-9474-1A3956D46DE8}") = "Basket", "Basket", "{6C0557C3-B1C9-A54D-46F8-F4FBBDE30E30}"
EndProject
Project("{FAE04EC0-301F-11D3-BF4B-00C04F79EFBC}") = "Basket.Api", "src\Services\Basket\Basket.Api\Basket.Api.csproj", "{69086E8F-181D-40AF-B868-B5908C12C3F0}"
EndProject
Project("{FAE04EC0-301F-11D3-BF4B-00C04F79EFBC}") = "Basket.Infrastructure", "src\Services\Basket\Basket.Infrastructure\Basket.Infrastructure.csproj", "{9CCF0258-CBBE-426E-9101-2ED2568DF64D}"
EndProject
Project("{FAE04EC0-301F-11D3-BF4B-00C04F79EFBC}") = "Basket.Application", "src\Services\Basket\Basket.Application\Basket.Application.csproj", "{2F8C46DF-4E8A-4C70-B47B-D869B2C6C60A}"
EndProject
Project("{2150E333-8FDC-42A3-9474-1A3956D46DE8}") = "Orders", "Orders", "{53A5E032-9A5F-5C5F-4C24-3FD98F4CF9B3}"
EndProject
Project("{FAE04EC0-301F-11D3-BF4B-00C04F79EFBC}") = "Orders.Domain", "src\Services\Orders\Orders.Domain\Orders.Domain.csproj", "{699D0CDD-71CE-44A5-B1CB-E66AFBB76E02}"
EndProject
Project("{FAE04EC0-301F-11D3-BF4B-00C04F79EFBC}") = "Orders.Api", "src\Services\Orders\Orders.Api\Orders.Api.csproj", "{5D6BBF1A-8E81-471D-A911-9D2EF3B39F11}"
EndProject
Project("{FAE04EC0-301F-11D3-BF4B-00C04F79EFBC}") = "Orders.Application", "src\Services\Orders\Orders.Application\Orders.Application.csproj", "{4BB53CE3-02F8-4036-847B-F544776330F3}"
EndProject
Project("{FAE04EC0-301F-11D3-BF4B-00C04F79EFBC}") = "Orders.Infrastructure", "src\Services\Orders\Orders.Infrastructure\Orders.Infrastructure.csproj", "{3147946A-6444-44BE-8FDB-197E5DCB6EB3}"
EndProject
Project("{2150E333-8FDC-42A3-9474-1A3956D46DE8}") = "Catalog", "Catalog", "{C91C1CF1-1625-0789-F869-53D87D6277BA}"
EndProject
Project("{FAE04EC0-301F-11D3-BF4B-00C04F79EFBC}") = "Catalog.Domain", "src\Services\Catalog\Catalog.Domain\Catalog.Domain.csproj", "{25EBE163-9943-4932-9B7C-B22994621791}"
EndProject
Project("{FAE04EC0-301F-11D3-BF4B-00C04F79EFBC}") = "Catalog.Application", "src\Services\Catalog\Catalog.Application\Catalog.Application.csproj", "{CDD0819E-F38F-4F2D-BAF3-4C2D6C86A3BC}"
EndProject
Project("{FAE04EC0-301F-11D3-BF4B-00C04F79EFBC}") = "Catalog.Api", "src\Services\Catalog\Catalog.Api\Catalog.Api.csproj", "{49EE28E1-41A5-43D6-9F62-2B9328A6178C}"
EndProject
Project("{FAE04EC0-301F-11D3-BF4B-00C04F79EFBC}") = "Catalog.Infrastructure", "src\Services\Catalog\Catalog.Infrastructure\Catalog.Infrastructure.csproj", "{B0FB120D-C5BF-4E6D-8E7D-8FB07C694CC3}"
EndProject
Project("{2150E333-8FDC-42A3-9474-1A3956D46DE8}") = "Identity", "Identity", "{1BFC9479-12BF-35C3-06B8-42D89D95092B}"
EndProject
Project("{FAE04EC0-301F-11D3-BF4B-00C04F79EFBC}") = "Identity.Domain", "src\Services\Identity\Identity.Domain\Identity.Domain.csproj", "{4DC84558-AC2E-4AF3-AA51-FFE0E7CCB00F}"
EndProject
Project("{FAE04EC0-301F-11D3-BF4B-00C04F79EFBC}") = "Identity.Infrastructure", "src\Services\Identity\Identity.Infrastructure\Identity.Infrastructure.csproj", "{69F04BE7-5ECF-4B0D-BB61-63C2C7E83F1D}"
EndProject
Project("{FAE04EC0-301F-11D3-BF4B-00C04F79EFBC}") = "Identity.Api", "src\Services\Identity\Identity.Api\Identity.Api.csproj", "{FC7085B7-41B8-4D0F-9697-F033A28BC934}"
EndProject
Project("{FAE04EC0-301F-11D3-BF4B-00C04F79EFBC}") = "Identity.Application", "src\Services\Identity\Identity.Application\Identity.Application.csproj", "{BA42D177-7B4E-4A57-BAB6-6E97B763DAD9}"
EndProject
Project("{FAE04EC0-301F-11D3-BF4B-00C04F79EFBC}") = "Basket.Domain", "src\Services\Basket\Basket.Domain\Basket.Domain.csproj", "{1B4D20D0-7585-4A85-BAAC-823FB557E37F}"
EndProject
Global
	GlobalSection(SolutionConfigurationPlatforms) = preSolution
		Debug|Any CPU = Debug|Any CPU
		Debug|x64 = Debug|x64
		Debug|x86 = Debug|x86
		Release|Any CPU = Release|Any CPU
		Release|x64 = Release|x64
		Release|x86 = Release|x86
	EndGlobalSection
	GlobalSection(ProjectConfigurationPlatforms) = postSolution
		{5FDB6B85-B825-40E2-A4A9-8C002BBD3AAF}.Debug|Any CPU.ActiveCfg = Debug|Any CPU
		{5FDB6B85-B825-40E2-A4A9-8C002BBD3AAF}.Debug|Any CPU.Build.0 = Debug|Any CPU
		{5FDB6B85-B825-40E2-A4A9-8C002BBD3AAF}.Debug|x64.ActiveCfg = Debug|Any CPU
		{5FDB6B85-B825-40E2-A4A9-8C002BBD3AAF}.Debug|x64.Build.0 = Debug|Any CPU
		{5FDB6B85-B825-40E2-A4A9-8C002BBD3AAF}.Debug|x86.ActiveCfg = Debug|Any CPU
		{5FDB6B85-B825-40E2-A4A9-8C002BBD3AAF}.Debug|x86.Build.0 = Debug|Any CPU
		{5FDB6B85-B825-40E2-A4A9-8C002BBD3AAF}.Release|Any CPU.ActiveCfg = Release|Any CPU
		{5FDB6B85-B825-40E2-A4A9-8C002BBD3AAF}.Release|Any CPU.Build.0 = Release|Any CPU
		{5FDB6B85-B825-40E2-A4A9-8C002BBD3AAF}.Release|x64.ActiveCfg = Release|Any CPU
		{5FDB6B85-B825-40E2-A4A9-8C002BBD3AAF}.Release|x64.Build.0 = Release|Any CPU
		{5FDB6B85-B825-40E2-A4A9-8C002BBD3AAF}.Release|x86.ActiveCfg = Release|Any CPU
		{5FDB6B85-B825-40E2-A4A9-8C002BBD3AAF}.Release|x86.Build.0 = Release|Any CPU
		{69086E8F-181D-40AF-B868-B5908C12C3F0}.Debug|Any CPU.ActiveCfg = Debug|Any CPU
		{69086E8F-181D-40AF-B868-B5908C12C3F0}.Debug|Any CPU.Build.0 = Debug|Any CPU
		{69086E8F-181D-40AF-B868-B5908C12C3F0}.Debug|x64.ActiveCfg = Debug|Any CPU
		{69086E8F-181D-40AF-B868-B5908C12C3F0}.Debug|x64.Build.0 = Debug|Any CPU
		{69086E8F-181D-40AF-B868-B5908C12C3F0}.Debug|x86.ActiveCfg = Debug|Any CPU
		{69086E8F-181D-40AF-B868-B5908C12C3F0}.Debug|x86.Build.0 = Debug|Any CPU
		{69086E8F-181D-40AF-B868-B5908C12C3F0}.Release|Any CPU.ActiveCfg = Release|Any CPU
		{69086E8F-181D-40AF-B868-B5908C12C3F0}.Release|Any CPU.Build.0 = Release|Any CPU
		{69086E8F-181D-40AF-B868-B5908C12C3F0}.Release|x64.ActiveCfg = Release|Any CPU
		{69086E8F-181D-40AF-B868-B5908C12C3F0}.Release|x64.Build.0 = Release|Any CPU
		{69086E8F-181D-40AF-B868-B5908C12C3F0}.Release|x86.ActiveCfg = Release|Any CPU
		{69086E8F-181D-40AF-B868-B5908C12C3F0}.Release|x86.Build.0 = Release|Any CPU
		{9CCF0258-CBBE-426E-9101-2ED2568DF64D}.Debug|Any CPU.ActiveCfg = Debug|Any CPU
		{9CCF0258-CBBE-426E-9101-2ED2568DF64D}.Debug|Any CPU.Build.0 = Debug|Any CPU
		{9CCF0258-CBBE-426E-9101-2ED2568DF64D}.Debug|x64.ActiveCfg = Debug|Any CPU
		{9CCF0258-CBBE-426E-9101-2ED2568DF64D}.Debug|x64.Build.0 = Debug|Any CPU
		{9CCF0258-CBBE-426E-9101-2ED2568DF64D}.Debug|x86.ActiveCfg = Debug|Any CPU
		{9CCF0258-CBBE-426E-9101-2ED2568DF64D}.Debug|x86.Build.0 = Debug|Any CPU
		{9CCF0258-CBBE-426E-9101-2ED2568DF64D}.Release|Any CPU.ActiveCfg = Release|Any CPU
		{9CCF0258-CBBE-426E-9101-2ED2568DF64D}.Release|Any CPU.Build.0 = Release|Any CPU
		{9CCF0258-CBBE-426E-9101-2ED2568DF64D}.Release|x64.ActiveCfg = Release|Any CPU
		{9CCF0258-CBBE-426E-9101-2ED2568DF64D}.Release|x64.Build.0 = Release|Any CPU
		{9CCF0258-CBBE-426E-9101-2ED2568DF64D}.Release|x86.ActiveCfg = Release|Any CPU
		{9CCF0258-CBBE-426E-9101-2ED2568DF64D}.Release|x86.Build.0 = Release|Any CPU
		{2F8C46DF-4E8A-4C70-B47B-D869B2C6C60A}.Debug|Any CPU.ActiveCfg = Debug|Any CPU
		{2F8C46DF-4E8A-4C70-B47B-D869B2C6C60A}.Debug|Any CPU.Build.0 = Debug|Any CPU
		{2F8C46DF-4E8A-4C70-B47B-D869B2C6C60A}.Debug|x64.ActiveCfg = Debug|Any CPU
		{2F8C46DF-4E8A-4C70-B47B-D869B2C6C60A}.Debug|x64.Build.0 = Debug|Any CPU
		{2F8C46DF-4E8A-4C70-B47B-D869B2C6C60A}.Debug|x86.ActiveCfg = Debug|Any CPU
		{2F8C46DF-4E8A-4C70-B47B-D869B2C6C60A}.Debug|x86.Build.0 = Debug|Any CPU
		{2F8C46DF-4E8A-4C70-B47B-D869B2C6C60A}.Release|Any CPU.ActiveCfg = Release|Any CPU
		{2F8C46DF-4E8A-4C70-B47B-D869B2C6C60A}.Release|Any CPU.Build.0 = Release|Any CPU
		{2F8C46DF-4E8A-4C70-B47B-D869B2C6C60A}.Release|x64.ActiveCfg = Release|Any CPU
		{2F8C46DF-4E8A-4C70-B47B-D869B2C6C60A}.Release|x64.Build.0 = Release|Any CPU
		{2F8C46DF-4E8A-4C70-B47B-D869B2C6C60A}.Release|x86.ActiveCfg = Release|Any CPU
		{2F8C46DF-4E8A-4C70-B47B-D869B2C6C60A}.Release|x86.Build.0 = Release|Any CPU
		{699D0CDD-71CE-44A5-B1CB-E66AFBB76E02}.Debug|Any CPU.ActiveCfg = Debug|Any CPU
		{699D0CDD-71CE-44A5-B1CB-E66AFBB76E02}.Debug|Any CPU.Build.0 = Debug|Any CPU
		{699D0CDD-71CE-44A5-B1CB-E66AFBB76E02}.Debug|x64.ActiveCfg = Debug|Any CPU
		{699D0CDD-71CE-44A5-B1CB-E66AFBB76E02}.Debug|x64.Build.0 = Debug|Any CPU
		{699D0CDD-71CE-44A5-B1CB-E66AFBB76E02}.Debug|x86.ActiveCfg = Debug|Any CPU
		{699D0CDD-71CE-44A5-B1CB-E66AFBB76E02}.Debug|x86.Build.0 = Debug|Any CPU
		{699D0CDD-71CE-44A5-B1CB-E66AFBB76E02}.Release|Any CPU.ActiveCfg = Release|Any CPU
		{699D0CDD-71CE-44A5-B1CB-E66AFBB76E02}.Release|Any CPU.Build.0 = Release|Any CPU
		{699D0CDD-71CE-44A5-B1CB-E66AFBB76E02}.Release|x64.ActiveCfg = Release|Any CPU
		{699D0CDD-71CE-44A5-B1CB-E66AFBB76E02}.Release|x64.Build.0 = Release|Any CPU
		{699D0CDD-71CE-44A5-B1CB-E66AFBB76E02}.Release|x86.ActiveCfg = Release|Any CPU
		{699D0CDD-71CE-44A5-B1CB-E66AFBB76E02}.Release|x86.Build.0 = Release|Any CPU
		{5D6BBF1A-8E81-471D-A911-9D2EF3B39F11}.Debug|Any CPU.ActiveCfg = Debug|Any CPU
		{5D6BBF1A-8E81-471D-A911-9D2EF3B39F11}.Debug|Any CPU.Build.0 = Debug|Any CPU
		{5D6BBF1A-8E81-471D-A911-9D2EF3B39F11}.Debug|x64.ActiveCfg = Debug|Any CPU
		{5D6BBF1A-8E81-471D-A911-9D2EF3B39F11}.Debug|x64.Build.0 = Debug|Any CPU
		{5D6BBF1A-8E81-471D-A911-9D2EF3B39F11}.Debug|x86.ActiveCfg = Debug|Any CPU
		{5D6BBF1A-8E81-471D-A911-9D2EF3B39F11}.Debug|x86.Build.0 = Debug|Any CPU
		{5D6BBF1A-8E81-471D-A911-9D2EF3B39F11}.Release|Any CPU.ActiveCfg = Release|Any CPU
		{5D6BBF1A-8E81-471D-A911-9D2EF3B39F11}.Release|Any CPU.Build.0 = Release|Any CPU
		{5D6BBF1A-8E81-471D-A911-9D2EF3B39F11}.Release|x64.ActiveCfg = Release|Any CPU
		{5D6BBF1A-8E81-471D-A911-9D2EF3B39F11}.Release|x64.Build.0 = Release|Any CPU
		{5D6BBF1A-8E81-471D-A911-9D2EF3B39F11}.Release|x86.ActiveCfg = Release|Any CPU
		{5D6BBF1A-8E81-471D-A911-9D2EF3B39F11}.Release|x86.Build.0 = Release|Any CPU
		{4BB53CE3-02F8-4036-847B-F544776330F3}.Debug|Any CPU.ActiveCfg = Debug|Any CPU
		{4BB53CE3-02F8-4036-847B-F544776330F3}.Debug|Any CPU.Build.0 = Debug|Any CPU
		{4BB53CE3-02F8-4036-847B-F544776330F3}.Debug|x64.ActiveCfg = Debug|Any CPU
		{4BB53CE3-02F8-4036-847B-F544776330F3}.Debug|x64.Build.0 = Debug|Any CPU
		{4BB53CE3-02F8-4036-847B-F544776330F3}.Debug|x86.ActiveCfg = Debug|Any CPU
		{4BB53CE3-02F8-4036-847B-F544776330F3}.Debug|x86.Build.0 = Debug|Any CPU
		{4BB53CE3-02F8-4036-847B-F544776330F3}.Release|Any CPU.ActiveCfg = Release|Any CPU
		{4BB53CE3-02F8-4036-847B-F544776330F3}.Release|Any CPU.Build.0 = Release|Any CPU
		{4BB53CE3-02F8-4036-847B-F544776330F3}.Release|x64.ActiveCfg = Release|Any CPU
		{4BB53CE3-02F8-4036-847B-F544776330F3}.Release|x64.Build.0 = Release|Any CPU
		{4BB53CE3-02F8-4036-847B-F544776330F3}.Release|x86.ActiveCfg = Release|Any CPU
		{4BB53CE3-02F8-4036-847B-F544776330F3}.Release|x86.Build.0 = Release|Any CPU
		{3147946A-6444-44BE-8FDB-197E5DCB6EB3}.Debug|Any CPU.ActiveCfg = Debug|Any CPU
		{3147946A-6444-44BE-8FDB-197E5DCB6EB3}.Debug|Any CPU.Build.0 = Debug|Any CPU
		{3147946A-6444-44BE-8FDB-197E5DCB6EB3}.Debug|x64.ActiveCfg = Debug|Any CPU
		{3147946A-6444-44BE-8FDB-197E5DCB6EB3}.Debug|x64.Build.0 = Debug|Any CPU
		{3147946A-6444-44BE-8FDB-197E5DCB6EB3}.Debug|x86.ActiveCfg = Debug|Any CPU
		{3147946A-6444-44BE-8FDB-197E5DCB6EB3}.Debug|x86.Build.0 = Debug|Any CPU
		{3147946A-6444-44BE-8FDB-197E5DCB6EB3}.Release|Any CPU.ActiveCfg = Release|Any CPU
		{3147946A-6444-44BE-8FDB-197E5DCB6EB3}.Release|Any CPU.Build.0 = Release|Any CPU
		{3147946A-6444-44BE-8FDB-197E5DCB6EB3}.Release|x64.ActiveCfg = Release|Any CPU
		{3147946A-6444-44BE-8FDB-197E5DCB6EB3}.Release|x64.Build.0 = Release|Any CPU
		{3147946A-6444-44BE-8FDB-197E5DCB6EB3}.Release|x86.ActiveCfg = Release|Any CPU
		{3147946A-6444-44BE-8FDB-197E5DCB6EB3}.Release|x86.Build.0 = Release|Any CPU
		{25EBE163-9943-4932-9B7C-B22994621791}.Debug|Any CPU.ActiveCfg = Debug|Any CPU
		{25EBE163-9943-4932-9B7C-B22994621791}.Debug|Any CPU.Build.0 = Debug|Any CPU
		{25EBE163-9943-4932-9B7C-B22994621791}.Debug|x64.ActiveCfg = Debug|Any CPU
		{25EBE163-9943-4932-9B7C-B22994621791}.Debug|x64.Build.0 = Debug|Any CPU
		{25EBE163-9943-4932-9B7C-B22994621791}.Debug|x86.ActiveCfg = Debug|Any CPU
		{25EBE163-9943-4932-9B7C-B22994621791}.Debug|x86.Build.0 = Debug|Any CPU
		{25EBE163-9943-4932-9B7C-B22994621791}.Release|Any CPU.ActiveCfg = Release|Any CPU
		{25EBE163-9943-4932-9B7C-B22994621791}.Release|Any CPU.Build.0 = Release|Any CPU
		{25EBE163-9943-4932-9B7C-B22994621791}.Release|x64.ActiveCfg = Release|Any CPU
		{25EBE163-9943-4932-9B7C-B22994621791}.Release|x64.Build.0 = Release|Any CPU
		{25EBE163-9943-4932-9B7C-B22994621791}.Release|x86.ActiveCfg = Release|Any CPU
		{25EBE163-9943-4932-9B7C-B22994621791}.Release|x86.Build.0 = Release|Any CPU
		{CDD0819E-F38F-4F2D-BAF3-4C2D6C86A3BC}.Debug|Any CPU.ActiveCfg = Debug|Any CPU
		{CDD0819E-F38F-4F2D-BAF3-4C2D6C86A3BC}.Debug|Any CPU.Build.0 = Debug|Any CPU
		{CDD0819E-F38F-4F2D-BAF3-4C2D6C86A3BC}.Debug|x64.ActiveCfg = Debug|Any CPU
		{CDD0819E-F38F-4F2D-BAF3-4C2D6C86A3BC}.Debug|x64.Build.0 = Debug|Any CPU
		{CDD0819E-F38F-4F2D-BAF3-4C2D6C86A3BC}.Debug|x86.ActiveCfg = Debug|Any CPU
		{CDD0819E-F38F-4F2D-BAF3-4C2D6C86A3BC}.Debug|x86.Build.0 = Debug|Any CPU
		{CDD0819E-F38F-4F2D-BAF3-4C2D6C86A3BC}.Release|Any CPU.ActiveCfg = Release|Any CPU
		{CDD0819E-F38F-4F2D-BAF3-4C2D6C86A3BC}.Release|Any CPU.Build.0 = Release|Any CPU
		{CDD0819E-F38F-4F2D-BAF3-4C2D6C86A3BC}.Release|x64.ActiveCfg = Release|Any CPU
		{CDD0819E-F38F-4F2D-BAF3-4C2D6C86A3BC}.Release|x64.Build.0 = Release|Any CPU
		{CDD0819E-F38F-4F2D-BAF3-4C2D6C86A3BC}.Release|x86.ActiveCfg = Release|Any CPU
		{CDD0819E-F38F-4F2D-BAF3-4C2D6C86A3BC}.Release|x86.Build.0 = Release|Any CPU
		{49EE28E1-41A5-43D6-9F62-2B9328A6178C}.Debug|Any CPU.ActiveCfg = Debug|Any CPU
		{49EE28E1-41A5-43D6-9F62-2B9328A6178C}.Debug|Any CPU.Build.0 = Debug|Any CPU
		{49EE28E1-41A5-43D6-9F62-2B9328A6178C}.Debug|x64.ActiveCfg = Debug|Any CPU
		{49EE28E1-41A5-43D6-9F62-2B9328A6178C}.Debug|x64.Build.0 = Debug|Any CPU
		{49EE28E1-41A5-43D6-9F62-2B9328A6178C}.Debug|x86.ActiveCfg = Debug|Any CPU
		{49EE28E1-41A5-43D6-9F62-2B9328A6178C}.Debug|x86.Build.0 = Debug|Any CPU
		{49EE28E1-41A5-43D6-9F62-2B9328A6178C}.Release|Any CPU.ActiveCfg = Release|Any CPU
		{49EE28E1-41A5-43D6-9F62-2B9328A6178C}.Release|Any CPU.Build.0 = Release|Any CPU
		{49EE28E1-41A5-43D6-9F62-2B9328A6178C}.Release|x64.ActiveCfg = Release|Any CPU
		{49EE28E1-41A5-43D6-9F62-2B9328A6178C}.Release|x64.Build.0 = Release|Any CPU
		{49EE28E1-41A5-43D6-9F62-2B9328A6178C}.Release|x86.ActiveCfg = Release|Any CPU
		{49EE28E1-41A5-43D6-9F62-2B9328A6178C}.Release|x86.Build.0 = Release|Any CPU
		{B0FB120D-C5BF-4E6D-8E7D-8FB07C694CC3}.Debug|Any CPU.ActiveCfg = Debug|Any CPU
		{B0FB120D-C5BF-4E6D-8E7D-8FB07C694CC3}.Debug|Any CPU.Build.0 = Debug|Any CPU
		{B0FB120D-C5BF-4E6D-8E7D-8FB07C694CC3}.Debug|x64.ActiveCfg = Debug|Any CPU
		{B0FB120D-C5BF-4E6D-8E7D-8FB07C694CC3}.Debug|x64.Build.0 = Debug|Any CPU
		{B0FB120D-C5BF-4E6D-8E7D-8FB07C694CC3}.Debug|x86.ActiveCfg = Debug|Any CPU
		{B0FB120D-C5BF-4E6D-8E7D-8FB07C694CC3}.Debug|x86.Build.0 = Debug|Any CPU
		{B0FB120D-C5BF-4E6D-8E7D-8FB07C694CC3}.Release|Any CPU.ActiveCfg = Release|Any CPU
		{B0FB120D-C5BF-4E6D-8E7D-8FB07C694CC3}.Release|Any CPU.Build.0 = Release|Any CPU
		{B0FB120D-C5BF-4E6D-8E7D-8FB07C694CC3}.Release|x64.ActiveCfg = Release|Any CPU
		{B0FB120D-C5BF-4E6D-8E7D-8FB07C694CC3}.Release|x64.Build.0 = Release|Any CPU
		{B0FB120D-C5BF-4E6D-8E7D-8FB07C694CC3}.Release|x86.ActiveCfg = Release|Any CPU
		{B0FB120D-C5BF-4E6D-8E7D-8FB07C694CC3}.Release|x86.Build.0 = Release|Any CPU
		{4DC84558-AC2E-4AF3-AA51-FFE0E7CCB00F}.Debug|Any CPU.ActiveCfg = Debug|Any CPU
		{4DC84558-AC2E-4AF3-AA51-FFE0E7CCB00F}.Debug|Any CPU.Build.0 = Debug|Any CPU
		{4DC84558-AC2E-4AF3-AA51-FFE0E7CCB00F}.Debug|x64.ActiveCfg = Debug|Any CPU
		{4DC84558-AC2E-4AF3-AA51-FFE0E7CCB00F}.Debug|x64.Build.0 = Debug|Any CPU
		{4DC84558-AC2E-4AF3-AA51-FFE0E7CCB00F}.Debug|x86.ActiveCfg = Debug|Any CPU
		{4DC84558-AC2E-4AF3-AA51-FFE0E7CCB00F}.Debug|x86.Build.0 = Debug|Any CPU
		{4DC84558-AC2E-4AF3-AA51-FFE0E7CCB00F}.Release|Any CPU.ActiveCfg = Release|Any CPU
		{4DC84558-AC2E-4AF3-AA51-FFE0E7CCB00F}.Release|Any CPU.Build.0 = Release|Any CPU
		{4DC84558-AC2E-4AF3-AA51-FFE0E7CCB00F}.Release|x64.ActiveCfg = Release|Any CPU
		{4DC84558-AC2E-4AF3-AA51-FFE0E7CCB00F}.Release|x64.Build.0 = Release|Any CPU
		{4DC84558-AC2E-4AF3-AA51-FFE0E7CCB00F}.Release|x86.ActiveCfg = Release|Any CPU
		{4DC84558-AC2E-4AF3-AA51-FFE0E7CCB00F}.Release|x86.Build.0 = Release|Any CPU
		{69F04BE7-5ECF-4B0D-BB61-63C2C7E83F1D}.Debug|Any CPU.ActiveCfg = Debug|Any CPU
		{69F04BE7-5ECF-4B0D-BB61-63C2C7E83F1D}.Debug|Any CPU.Build.0 = Debug|Any CPU
		{69F04BE7-5ECF-4B0D-BB61-63C2C7E83F1D}.Debug|x64.ActiveCfg = Debug|Any CPU
		{69F04BE7-5ECF-4B0D-BB61-63C2C7E83F1D}.Debug|x64.Build.0 = Debug|Any CPU
		{69F04BE7-5ECF-4B0D-BB61-63C2C7E83F1D}.Debug|x86.ActiveCfg = Debug|Any CPU
		{69F04BE7-5ECF-4B0D-BB61-63C2C7E83F1D}.Debug|x86.Build.0 = Debug|Any CPU
		{69F04BE7-5ECF-4B0D-BB61-63C2C7E83F1D}.Release|Any CPU.ActiveCfg = Release|Any CPU
		{69F04BE7-5ECF-4B0D-BB61-63C2C7E83F1D}.Release|Any CPU.Build.0 = Release|Any CPU
		{69F04BE7-5ECF-4B0D-BB61-63C2C7E83F1D}.Release|x64.ActiveCfg = Release|Any CPU
		{69F04BE7-5ECF-4B0D-BB61-63C2C7E83F1D}.Release|x64.Build.0 = Release|Any CPU
		{69F04BE7-5ECF-4B0D-BB61-63C2C7E83F1D}.Release|x86.ActiveCfg = Release|Any CPU
		{69F04BE7-5ECF-4B0D-BB61-63C2C7E83F1D}.Release|x86.Build.0 = Release|Any CPU
		{FC7085B7-41B8-4D0F-9697-F033A28BC934}.Debug|Any CPU.ActiveCfg = Debug|Any CPU
		{FC7085B7-41B8-4D0F-9697-F033A28BC934}.Debug|Any CPU.Build.0 = Debug|Any CPU
		{FC7085B7-41B8-4D0F-9697-F033A28BC934}.Debug|x64.ActiveCfg = Debug|Any CPU
		{FC7085B7-41B8-4D0F-9697-F033A28BC934}.Debug|x64.Build.0 = Debug|Any CPU
		{FC7085B7-41B8-4D0F-9697-F033A28BC934}.Debug|x86.ActiveCfg = Debug|Any CPU
		{FC7085B7-41B8-4D0F-9697-F033A28BC934}.Debug|x86.Build.0 = Debug|Any CPU
		{FC7085B7-41B8-4D0F-9697-F033A28BC934}.Release|Any CPU.ActiveCfg = Release|Any CPU
		{FC7085B7-41B8-4D0F-9697-F033A28BC934}.Release|Any CPU.Build.0 = Release|Any CPU
		{FC7085B7-41B8-4D0F-9697-F033A28BC934}.Release|x64.ActiveCfg = Release|Any CPU
		{FC7085B7-41B8-4D0F-9697-F033A28BC934}.Release|x64.Build.0 = Release|Any CPU
		{FC7085B7-41B8-4D0F-9697-F033A28BC934}.Release|x86.ActiveCfg = Release|Any CPU
		{FC7085B7-41B8-4D0F-9697-F033A28BC934}.Release|x86.Build.0 = Release|Any CPU
		{BA42D177-7B4E-4A57-BAB6-6E97B763DAD9}.Debug|Any CPU.ActiveCfg = Debug|Any CPU
		{BA42D177-7B4E-4A57-BAB6-6E97B763DAD9}.Debug|Any CPU.Build.0 = Debug|Any CPU
		{BA42D177-7B4E-4A57-BAB6-6E97B763DAD9}.Debug|x64.ActiveCfg = Debug|Any CPU
		{BA42D177-7B4E-4A57-BAB6-6E97B763DAD9}.Debug|x64.Build.0 = Debug|Any CPU
		{BA42D177-7B4E-4A57-BAB6-6E97B763DAD9}.Debug|x86.ActiveCfg = Debug|Any CPU
		{BA42D177-7B4E-4A57-BAB6-6E97B763DAD9}.Debug|x86.Build.0 = Debug|Any CPU
		{BA42D177-7B4E-4A57-BAB6-6E97B763DAD9}.Release|Any CPU.ActiveCfg = Release|Any CPU
		{BA42D177-7B4E-4A57-BAB6-6E97B763DAD9}.Release|Any CPU.Build.0 = Release|Any CPU
		{BA42D177-7B4E-4A57-BAB6-6E97B763DAD9}.Release|x64.ActiveCfg = Release|Any CPU
		{BA42D177-7B4E-4A57-BAB6-6E97B763DAD9}.Release|x64.Build.0 = Release|Any CPU
		{BA42D177-7B4E-4A57-BAB6-6E97B763DAD9}.Release|x86.ActiveCfg = Release|Any CPU
		{BA42D177-7B4E-4A57-BAB6-6E97B763DAD9}.Release|x86.Build.0 = Release|Any CPU
		{1B4D20D0-7585-4A85-BAAC-823FB557E37F}.Debug|Any CPU.ActiveCfg = Debug|Any CPU
		{1B4D20D0-7585-4A85-BAAC-823FB557E37F}.Debug|Any CPU.Build.0 = Debug|Any CPU
		{1B4D20D0-7585-4A85-BAAC-823FB557E37F}.Debug|x64.ActiveCfg = Debug|Any CPU
		{1B4D20D0-7585-4A85-BAAC-823FB557E37F}.Debug|x64.Build.0 = Debug|Any CPU
		{1B4D20D0-7585-4A85-BAAC-823FB557E37F}.Debug|x86.ActiveCfg = Debug|Any CPU
		{1B4D20D0-7585-4A85-BAAC-823FB557E37F}.Debug|x86.Build.0 = Debug|Any CPU
		{1B4D20D0-7585-4A85-BAAC-823FB557E37F}.Release|Any CPU.ActiveCfg = Release|Any CPU
		{1B4D20D0-7585-4A85-BAAC-823FB557E37F}.Release|Any CPU.Build.0 = Release|Any CPU
		{1B4D20D0-7585-4A85-BAAC-823FB557E37F}.Release|x64.ActiveCfg = Release|Any CPU
		{1B4D20D0-7585-4A85-BAAC-823FB557E37F}.Release|x64.Build.0 = Release|Any CPU
		{1B4D20D0-7585-4A85-BAAC-823FB557E37F}.Release|x86.ActiveCfg = Release|Any CPU
		{1B4D20D0-7585-4A85-BAAC-823FB557E37F}.Release|x86.Build.0 = Release|Any CPU
	EndGlobalSection
	GlobalSection(SolutionProperties) = preSolution
		HideSolutionNode = FALSE
	EndGlobalSection
	GlobalSection(NestedProjects) = preSolution
		{FCA01246-F2C6-0AA7-D43F-FD13BE0B9D88} = {827E0CD3-B72D-47B6-A68D-7590B98EB39B}
		{5FDB6B85-B825-40E2-A4A9-8C002BBD3AAF} = {FCA01246-F2C6-0AA7-D43F-FD13BE0B9D88}
		{984BB9B3-3FA3-BE33-9484-CAC21695A33C} = {827E0CD3-B72D-47B6-A68D-7590B98EB39B}
		{6C0557C3-B1C9-A54D-46F8-F4FBBDE30E30} = {984BB9B3-3FA3-BE33-9484-CAC21695A33C}
		{69086E8F-181D-40AF-B868-B5908C12C3F0} = {6C0557C3-B1C9-A54D-46F8-F4FBBDE30E30}
		{9CCF0258-CBBE-426E-9101-2ED2568DF64D} = {6C0557C3-B1C9-A54D-46F8-F4FBBDE30E30}
		{2F8C46DF-4E8A-4C70-B47B-D869B2C6C60A} = {6C0557C3-B1C9-A54D-46F8-F4FBBDE30E30}
		{53A5E032-9A5F-5C5F-4C24-3FD98F4CF9B3} = {984BB9B3-3FA3-BE33-9484-CAC21695A33C}
		{699D0CDD-71CE-44A5-B1CB-E66AFBB76E02} = {53A5E032-9A5F-5C5F-4C24-3FD98F4CF9B3}
		{5D6BBF1A-8E81-471D-A911-9D2EF3B39F11} = {53A5E032-9A5F-5C5F-4C24-3FD98F4CF9B3}
		{4BB53CE3-02F8-4036-847B-F544776330F3} = {53A5E032-9A5F-5C5F-4C24-3FD98F4CF9B3}
		{3147946A-6444-44BE-8FDB-197E5DCB6EB3} = {53A5E032-9A5F-5C5F-4C24-3FD98F4CF9B3}
		{C91C1CF1-1625-0789-F869-53D87D6277BA} = {984BB9B3-3FA3-BE33-9484-CAC21695A33C}
		{25EBE163-9943-4932-9B7C-B22994621791} = {C91C1CF1-1625-0789-F869-53D87D6277BA}
		{CDD0819E-F38F-4F2D-BAF3-4C2D6C86A3BC} = {C91C1CF1-1625-0789-F869-53D87D6277BA}
		{49EE28E1-41A5-43D6-9F62-2B9328A6178C} = {C91C1CF1-1625-0789-F869-53D87D6277BA}
		{B0FB120D-C5BF-4E6D-8E7D-8FB07C694CC3} = {C91C1CF1-1625-0789-F869-53D87D6277BA}
		{1BFC9479-12BF-35C3-06B8-42D89D95092B} = {984BB9B3-3FA3-BE33-9484-CAC21695A33C}
		{4DC84558-AC2E-4AF3-AA51-FFE0E7CCB00F} = {1BFC9479-12BF-35C3-06B8-42D89D95092B}
		{69F04BE7-5ECF-4B0D-BB61-63C2C7E83F1D} = {1BFC9479-12BF-35C3-06B8-42D89D95092B}
		{FC7085B7-41B8-4D0F-9697-F033A28BC934} = {1BFC9479-12BF-35C3-06B8-42D89D95092B}
		{BA42D177-7B4E-4A57-BAB6-6E97B763DAD9} = {1BFC9479-12BF-35C3-06B8-42D89D95092B}
		{1B4D20D0-7585-4A85-BAAC-823FB557E37F} = {6C0557C3-B1C9-A54D-46F8-F4FBBDE30E30}
	EndGlobalSection
EndGlobal
